// !$*UTF8*$!
{
	archiveVersion = 1;
	classes = {
	};
	objectVersion = 77;
	objects = {

/* Begin PBXContainerItemProxy section */
		E1F2A3AD2EC99000003A77C7 /* PBXContainerItemProxy */ = {
			isa = PBXContainerItemProxy;
			containerPortal = C6DEF1302EC98B05003A77C7 /* Project object */;
			proxyType = 1;
			remoteGlobalIDString = C6DEF1372EC98B05003A77C7;
			remoteInfo = WaxOnWaxOff;
		};
/* End PBXContainerItemProxy section */

/* Begin PBXFileReference section */
		C6DEF1382EC98B05003A77C7 /* WaxOnWaxOff.app */ = {isa = PBXFileReference; explicitFileType = wrapper.application; includeInIndex = 0; path = WaxOnWaxOff.app; sourceTree = BUILT_PRODUCTS_DIR; };
		738488A095C14915AEB595B2 /* rnnoise */ = {isa = PBXFileReference; lastKnownFileType = file; name = rnnoise; path = WaxOnWaxOff/rnnoise; sourceTree = "<group>"; };
		E1F2A3B42EC99000003A77C7 /* WaxOnWaxOffTests.xctest */ = {isa = PBXFileReference; explicitFileType = wrapper.cfbundle; includeInIndex = 0; path = WaxOnWaxOffTests.xctest; sourceTree = BUILT_PRODUCTS_DIR; };
		E1F2A3A82EC99000003A77C7 /* XCTest.framework */ = {isa = PBXFileReference; lastKnownFileType = wrapper.framework; name = XCTest.framework; path = Platforms/MacOSX.platform/Developer/Library/Frameworks/XCTest.framework; sourceTree = DEVELOPER_DIR; };
/* End PBXFileReference section */

/* Begin PBXBuildFile section */
		39B1C655FCFC4AF39D85DB92 /* rnnoise in Resources */ = {isa = PBXBuildFile; fileRef = 738488A095C14915AEB595B2 /* rnnoise */; };
		E1F2A3A92EC99000003A77C7 /* XCTest.framework in Frameworks */ = {isa = PBXBuildFile; fileRef = E1F2A3A82EC99000003A77C7 /* XCTest.framework */; };
/* End PBXBuildFile section */

/* Begin PBXFileSystemSynchronizedBuildFileExceptionSet section */
		469B33FBB309481A99E82EBA /* rnnoise */ = {
			isa = PBXFileSystemSynchronizedBuildFileExceptionSet;
			membershipExceptions = (
				rnnoise,
			);
			target = C6DEF1372EC98B05003A77C7 /* WaxOnWaxOff */;
		};
/* End PBXFileSystemSynchronizedBuildFileExceptionSet section */

/* Begin PBXFileSystemSynchronizedRootGroup section */
		C6DEF13A2EC98B05003A77C7 /* WaxOnWaxOff */ = {
			isa = PBXFileSystemSynchronizedRootGroup;
			exceptions = (
				469B33FBB309481A99E82EBA /* rnnoise */,
			);
			path = WaxOnWaxOff;
			sourceTree = "<group>";
		};
		E1F2A3B32EC99000003A77C7 /* WaxOnWaxOffTests */ = {
			isa = PBXFileSystemSynchronizedRootGroup;
			path = WaxOnWaxOffTests;
			sourceTree = "<group>";
		};
/* End PBXFileSystemSynchronizedRootGroup section */

/* Begin PBXFrameworksBuildPhase section */
		C6DEF1352EC98B05003A77C7 /* Frameworks */ = {
			isa = PBXFrameworksBuildPhase;
			buildActionMask = 2147483647;
			files = (
			);
			runOnlyForDeploymentPostprocessing = 0;
		};
		E1F2A3B02EC99000003A77C7 /* Frameworks */ = {
			isa = PBXFrameworksBuildPhase;
			buildActionMask = 2147483647;
			files = (
				E1F2A3A92EC99000003A77C7 /* XCTest.framework in Frameworks */,
			);
			runOnlyForDeploymentPostprocessing = 0;
		};
/* End PBXFrameworksBuildPhase section */

/* Begin PBXGroup section */
		C6DEF12F2EC98B05003A77C7 = {
			isa = PBXGroup;
			children = (
				C6DEF13A2EC98B05003A77C7 /* WaxOnWaxOff */,
				E1F2A3B32EC99000003A77C7 /* WaxOnWaxOffTests */,
				C6DEF1392EC98B05003A77C7 /* Products */,
				E1F2A3A72EC99000003A77C7 /* Frameworks */,
			);
			sourceTree = "<group>";
		};
		E1F2A3A72EC99000003A77C7 /* Frameworks */ = {
			isa = PBXGroup;
			children = (
				E1F2A3A82EC99000003A77C7 /* XCTest.framework */,
			);
			name = Frameworks;
			sourceTree = "<group>";
		};
		C6DEF1392EC98B05003A77C7 /* Products */ = {
			isa = PBXGroup;
			children = (
				C6DEF1382EC98B05003A77C7 /* WaxOnWaxOff.app */,
				E1F2A3B42EC99000003A77C7 /* WaxOnWaxOffTests.xctest */,
			);
			name = Products;
			sourceTree = "<group>";
		};
/* End PBXGroup section */

/* Begin PBXNativeTarget section */
		C6DEF1372EC98B05003A77C7 /* WaxOnWaxOff */ = {
			isa = PBXNativeTarget;
			buildConfigurationList = C6DEF1432EC98B06003A77C7 /* Build configuration list for PBXNativeTarget "WaxOnWaxOff" */;
			buildPhases = (
				E1F2A3B52EC99001003A77C7 /* Fetch FFmpeg */,
				C6DEF1342EC98B05003A77C7 /* Sources */,
				C6DEF1352EC98B05003A77C7 /* Frameworks */,
				C6DEF1362EC98B05003A77C7 /* Resources */,
			);
			buildRules = (
			);
			dependencies = (
			);
			fileSystemSynchronizedGroups = (
				C6DEF13A2EC98B05003A77C7 /* WaxOnWaxOff */,
			);
			name = WaxOnWaxOff;
			packageProductDependencies = (
			);
			productName = WaxOnWaxOff;
			productReference = C6DEF1382EC98B05003A77C7 /* WaxOnWaxOff.app */;
			productType = "com.apple.product-type.application";
		};
		E1F2A3B22EC99000003A77C7 /* WaxOnWaxOffTests */ = {
			isa = PBXNativeTarget;
			buildConfigurationList = E1F2A3AA2EC99000003A77C7 /* Build configuration list for PBXNativeTarget "WaxOnWaxOffTests" */;
			buildPhases = (
				E1F2A3B12EC99000003A77C7 /* Sources */,
				E1F2A3B02EC99000003A77C7 /* Frameworks */,
				E1F2A3AF2EC99000003A77C7 /* Resources */,
			);
			buildRules = (
			);
			dependencies = (
				E1F2A3AE2EC99000003A77C7 /* PBXTargetDependency */,
			);
			fileSystemSynchronizedGroups = (
				E1F2A3B32EC99000003A77C7 /* WaxOnWaxOffTests */,
			);
			name = WaxOnWaxOffTests;
			packageProductDependencies = (
			);
			productName = WaxOnWaxOffTests;
			productReference = E1F2A3B42EC99000003A77C7 /* WaxOnWaxOffTests.xctest */;
			productType = "com.apple.product-type.bundle.unit-test";
		};
/* End PBXNativeTarget section */

/* Begin PBXProject section */
		C6DEF1302EC98B05003A77C7 /* Project object */ = {
			isa = PBXProject;
			attributes = {
				BuildIndependentTargetsInParallel = 1;
				LastSwiftUpdateCheck = 2610;
				LastUpgradeCheck = 2610;
				TargetAttributes = {
					C6DEF1372EC98B05003A77C7 = {
						CreatedOnToolsVersion = 26.1.1;
					};
					E1F2A3B22EC99000003A77C7 = {
						CreatedOnToolsVersion = 26.1.1;
						TestTargetID = C6DEF1372EC98B05003A77C7;
					};
				};
			};
			buildConfigurationList = C6DEF1332EC98B05003A77C7 /* Build configuration list for PBXProject "WaxOnWaxOff" */;
			developmentRegion = en;
			hasScannedForEncodings = 0;
			knownRegions = (
				en,
				Base,
			);
			mainGroup = C6DEF12F2EC98B05003A77C7;
			minimizedProjectReferenceProxies = 1;
			preferredProjectObjectVersion = 77;
			productRefGroup = C6DEF1392EC98B05003A77C7 /* Products */;
			projectDirPath = "";
			projectRoot = "";
			targets = (
				C6DEF1372EC98B05003A77C7 /* WaxOnWaxOff */,
				E1F2A3B22EC99000003A77C7 /* WaxOnWaxOffTests */,
			);
		};
/* End PBXProject section */

/* Begin PBXResourcesBuildPhase section */
		C6DEF1362EC98B05003A77C7 /* Resources */ = {
			isa = PBXResourcesBuildPhase;
			buildActionMask = 2147483647;
			files = (
				39B1C655FCFC4AF39D85DB92 /* rnnoise in Resources */,
			);
			runOnlyForDeploymentPostprocessing = 0;
		};
		E1F2A3AF2EC99000003A77C7 /* Resources */ = {
			isa = PBXResourcesBuildPhase;
			buildActionMask = 2147483647;
			files = (
			);
			runOnlyForDeploymentPostprocessing = 0;
		};
/* End PBXResourcesBuildPhase section */

/* Begin PBXShellScriptBuildPhase section */
		E1F2A3B52EC99001003A77C7 /* Fetch FFmpeg */ = {
			isa = PBXShellScriptBuildPhase;
			alwaysOutOfDate = 1;
			buildActionMask = 2147483647;
			files = (
			);
			inputPaths = (
				"$(SRCROOT)/Vendor/ffmpeg-manifest.env",
				"$(SRCROOT)/scripts/fetch-ffmpeg.sh",
			);
			name = "Fetch FFmpeg";
			outputPaths = (
				"$(SRCROOT)/WaxOnWaxOff/ffmpeg",
				"$(SRCROOT)/WaxOnWaxOff/ffprobe",
			);
			runOnlyForDeploymentPostprocessing = 0;
			shellPath = /bin/sh;
			shellScript = "\"${SRCROOT}/scripts/fetch-ffmpeg.sh\"\n";
		};
/* End PBXShellScriptBuildPhase section */

/* Begin PBXSourcesBuildPhase section */
		C6DEF1342EC98B05003A77C7 /* Sources */ = {
			isa = PBXSourcesBuildPhase;
			buildActionMask = 2147483647;
			files = (
			);
			runOnlyForDeploymentPostprocessing = 0;
		};
		E1F2A3B12EC99000003A77C7 /* Sources */ = {
			isa = PBXSourcesBuildPhase;
			buildActionMask = 2147483647;
			files = (
			);
			runOnlyForDeploymentPostprocessing = 0;
		};
/* End PBXSourcesBuildPhase section */

/* Begin PBXTargetDependency section */
		E1F2A3AE2EC99000003A77C7 /* PBXTargetDependency */ = {
			isa = PBXTargetDependency;
			target = C6DEF1372EC98B05003A77C7 /* WaxOnWaxOff */;
			targetProxy = E1F2A3AD2EC99000003A77C7 /* PBXContainerItemProxy */;
		};
/* End PBXTargetDependency section */

/* Begin XCBuildConfiguration section */
		C6DEF1412EC98B06003A77C7 /* Debug */ = {
			isa = XCBuildConfiguration;
			buildSettings = {
				ALWAYS_SEARCH_USER_PATHS = NO;
				ASSETCATALOG_COMPILER_GENERATE_SWIFT_ASSET_SYMBOL_EXTENSIONS = YES;
				CLANG_ANALYZER_NONNULL = YES;
				CLANG_ANALYZER_NUMBER_OBJECT_CONVERSION = YES_AGGRESSIVE;
				CLANG_CXX_LANGUAGE_STANDARD = "gnu++20";
				CLANG_ENABLE_MODULES = YES;
				CLANG_ENABLE_OBJC_ARC = YES;
				CLANG_ENABLE_OBJC_WEAK = YES;
				CLANG_WARN_BLOCK_CAPTURE_AUTORELEASING = YES;
				CLANG_WARN_BOOL_CONVERSION = YES;
				CLANG_WARN_COMMA = YES;
				CLANG_WARN_CONSTANT_CONVERSION = YES;
				CLANG_WARN_DEPRECATED_OBJC_IMPLEMENTATIONS = YES;
				CLANG_WARN_DIRECT_OBJC_ISA_USAGE = YES_ERROR;
				CLANG_WARN_DOCUMENTATION_COMMENTS = YES;
				CLANG_WARN_EMPTY_BODY = YES;
				CLANG_WARN_ENUM_CONVERSION = YES;
				CLANG_WARN_INFINITE_RECURSION = YES;
				CLANG_WARN_INT_CONVERSION = YES;
				CLANG_WARN_NON_LITERAL_NULL_CONVERSION = YES;
				CLANG_WARN_OBJC_IMPLICIT_RETAIN_SELF = YES;
				CLANG_WARN_OBJC_LITERAL_CONVERSION = YES;
				CLANG_WARN_OBJC_ROOT_CLASS = YES_ERROR;
				CLANG_WARN_QUOTED_INCLUDE_IN_FRAMEWORK_HEADER = YES;
				CLANG_WARN_RANGE_LOOP_ANALYSIS = YES;
				CLANG_WARN_STRICT_PROTOTYPES = YES;
				CLANG_WARN_SUSPICIOUS_MOVE = YES;
				CLANG_WARN_UNGUARDED_AVAILABILITY = YES_AGGRESSIVE;
				CLANG_WARN_UNREACHABLE_CODE = YES;
				CLANG_WARN__DUPLICATE_METHOD_MATCH = YES;
				COPY_PHASE_STRIP = NO;
				DEBUG_INFORMATION_FORMAT = dwarf;
				ENABLE_STRICT_OBJC_MSGSEND = YES;
				ENABLE_TESTABILITY = YES;
				ENABLE_USER_SCRIPT_SANDBOXING = YES;
				GCC_C_LANGUAGE_STANDARD = gnu17;
				GCC_DYNAMIC_NO_PIC = NO;
				GCC_NO_COMMON_BLOCKS = YES;
				GCC_OPTIMIZATION_LEVEL = 0;
				GCC_PREPROCESSOR_DEFINITIONS = (
					"DEBUG=1",
					"$(inherited)",
				);
				GCC_WARN_64_TO_32_BIT_CONVERSION = YES;
				GCC_WARN_ABOUT_RETURN_TYPE = YES_ERROR;
				GCC_WARN_UNDECLARED_SELECTOR = YES;
				GCC_WARN_UNINITIALIZED_AUTOS = YES_AGGRESSIVE;
				GCC_WARN_UNUSED_FUNCTION = YES;
				GCC_WARN_UNUSED_VARIABLE = YES;
				LOCALIZATION_PREFERS_STRING_CATALOGS = YES;
				MACOSX_DEPLOYMENT_TARGET = 14.0;
				MTL_ENABLE_DEBUG_INFO = INCLUDE_SOURCE;
				MTL_FAST_MATH = YES;
				ONLY_ACTIVE_ARCH = YES;
				SDKROOT = macosx;
				SWIFT_ACTIVE_COMPILATION_CONDITIONS = "DEBUG $(inherited)";
				SWIFT_OPTIMIZATION_LEVEL = "-Onone";
			};
			name = Debug;
		};
		C6DEF1422EC98B06003A77C7 /* Release */ = {
			isa = XCBuildConfiguration;
			buildSettings = {
				ALWAYS_SEARCH_USER_PATHS = NO;
				ASSETCATALOG_COMPILER_GENERATE_SWIFT_ASSET_SYMBOL_EXTENSIONS = YES;
				CLANG_ANALYZER_NONNULL = YES;
				CLANG_ANALYZER_NUMBER_OBJECT_CONVERSION = YES_AGGRESSIVE;
				CLANG_CXX_LANGUAGE_STANDARD = "gnu++20";
				CLANG_ENABLE_MODULES = YES;
				CLANG_ENABLE_OBJC_ARC = YES;
				CLANG_ENABLE_OBJC_WEAK = YES;
				CLANG_WARN_BLOCK_CAPTURE_AUTORELEASING = YES;
				CLANG_WARN_BOOL_CONVERSION = YES;
				CLANG_WARN_COMMA = YES;
				CLANG_WARN_CONSTANT_CONVERSION = YES;
				CLANG_WARN_DEPRECATED_OBJC_IMPLEMENTATIONS = YES;
				CLANG_WARN_DIRECT_OBJC_ISA_USAGE = YES_ERROR;
				CLANG_WARN_DOCUMENTATION_COMMENTS = YES;
				CLANG_WARN_EMPTY_BODY = YES;
				CLANG_WARN_ENUM_CONVERSION = YES;
				CLANG_WARN_INFINITE_RECURSION = YES;
				CLANG_WARN_INT_CONVERSION = YES;
				CLANG_WARN_NON_LITERAL_NULL_CONVERSION = YES;
				CLANG_WARN_OBJC_IMPLICIT_RETAIN_SELF = YES;
				CLANG_WARN_OBJC_LITERAL_CONVERSION = YES;
				CLANG_WARN_OBJC_ROOT_CLASS = YES_ERROR;
				CLANG_WARN_QUOTED_INCLUDE_IN_FRAMEWORK_HEADER = YES;
				CLANG_WARN_RANGE_LOOP_ANALYSIS = YES;
				CLANG_WARN_STRICT_PROTOTYPES = YES;
				CLANG_WARN_SUSPICIOUS_MOVE = YES;
				CLANG_WARN_UNGUARDED_AVAILABILITY = YES_AGGRESSIVE;
				CLANG_WARN_UNREACHABLE_CODE = YES;
				CLANG_WARN__DUPLICATE_METHOD_MATCH = YES;
				COPY_PHASE_STRIP = NO;
				DEBUG_INFORMATION_FORMAT = "dwarf-with-dsym";
				ENABLE_NS_ASSERTIONS = NO;
				ENABLE_STRICT_OBJC_MSGSEND = YES;
				ENABLE_USER_SCRIPT_SANDBOXING = YES;
				GCC_C_LANGUAGE_STANDARD = gnu17;
				GCC_NO_COMMON_BLOCKS = YES;
				GCC_WARN_64_TO_32_BIT_CONVERSION = YES;
				GCC_WARN_ABOUT_RETURN_TYPE = YES_ERROR;
				GCC_WARN_UNDECLARED_SELECTOR = YES;
				GCC_WARN_UNINITIALIZED_AUTOS = YES_AGGRESSIVE;
				GCC_WARN_UNUSED_FUNCTION = YES;
				GCC_WARN_UNUSED_VARIABLE = YES;
				LOCALIZATION_PREFERS_STRING_CATALOGS = YES;
				MACOSX_DEPLOYMENT_TARGET = 14.0;
				MTL_ENABLE_DEBUG_INFO = NO;
				MTL_FAST_MATH = YES;
				SDKROOT = macosx;
				SWIFT_COMPILATION_MODE = wholemodule;
			};
			name = Release;
		};
		C6DEF1442EC98B06003A77C7 /* Debug */ = {
			isa = XCBuildConfiguration;
			buildSettings = {
				ARCHS = arm64;
				ASSETCATALOG_COMPILER_APPICON_NAME = AppIcon;
				ASSETCATALOG_COMPILER_GLOBAL_ACCENT_COLOR_NAME = AccentColor;
				CODE_SIGN_ENTITLEMENTS = WaxOnWaxOff/WaxOnWaxOff.entitlements;
				CODE_SIGN_STYLE = Automatic;
				COMBINE_HIDPI_IMAGES = YES;
				CURRENT_PROJECT_VERSION = 19;
				ENABLE_APP_SANDBOX = NO;
				ENABLE_PREVIEWS = YES;
				ENABLE_USER_SELECTED_FILES = readwrite;
				EXCLUDED_ARCHS = x86_64;
				GENERATE_INFOPLIST_FILE = YES;
				INFOPLIST_KEY_CFBundleDisplayName = "WaxOn/WaxOff";
				INFOPLIST_KEY_LSApplicationCategoryType = "public.app-category.utilities";
				INFOPLIST_KEY_NSHumanReadableCopyright = "© 2026 Seven Morris\nLicensed under GPL-3.0";
				LD_RUNPATH_SEARCH_PATHS = (
					"$(inherited)",
					"@executable_path/../Frameworks",
				);
				MARKETING_VERSION = 2.5.0;
				PRODUCT_BUNDLE_IDENTIFIER = io.github.sevmorris.WaxOnWaxOff;
				PRODUCT_NAME = WaxOnWaxOff;
				REGISTER_APP_GROUPS = YES;
				STRING_CATALOG_GENERATE_SYMBOLS = YES;
				SWIFT_APPROACHABLE_CONCURRENCY = YES;
				SWIFT_DEFAULT_ACTOR_ISOLATION = MainActor;
				SWIFT_EMIT_LOC_STRINGS = YES;
				SWIFT_UPCOMING_FEATURE_MEMBER_IMPORT_VISIBILITY = YES;
				SWIFT_VERSION = 5.0;
			};
			name = Debug;
		};
		C6DEF1452EC98B06003A77C7 /* Release */ = {
			isa = XCBuildConfiguration;
			buildSettings = {
				ARCHS = arm64;
				ASSETCATALOG_COMPILER_APPICON_NAME = AppIcon;
				ASSETCATALOG_COMPILER_GLOBAL_ACCENT_COLOR_NAME = AccentColor;
				CODE_SIGN_ENTITLEMENTS = WaxOnWaxOff/WaxOnWaxOff.entitlements;
				CODE_SIGN_STYLE = Automatic;
				COMBINE_HIDPI_IMAGES = YES;
				CURRENT_PROJECT_VERSION = 19;
				ENABLE_APP_SANDBOX = NO;
				ENABLE_PREVIEWS = YES;
				ENABLE_USER_SELECTED_FILES = readwrite;
				EXCLUDED_ARCHS = x86_64;
				GENERATE_INFOPLIST_FILE = YES;
				INFOPLIST_KEY_CFBundleDisplayName = "WaxOn/WaxOff";
				INFOPLIST_KEY_LSApplicationCategoryType = "public.app-category.utilities";
				INFOPLIST_KEY_NSHumanReadableCopyright = "© 2026 Seven Morris\nLicensed under GPL-3.0";
				LD_RUNPATH_SEARCH_PATHS = (
					"$(inherited)",
					"@executable_path/../Frameworks",
				);
				MARKETING_VERSION = 2.5.0;
				PRODUCT_BUNDLE_IDENTIFIER = io.github.sevmorris.WaxOnWaxOff;
				PRODUCT_NAME = WaxOnWaxOff;
				REGISTER_APP_GROUPS = YES;
				STRING_CATALOG_GENERATE_SYMBOLS = YES;
				SWIFT_APPROACHABLE_CONCURRENCY = YES;
				SWIFT_DEFAULT_ACTOR_ISOLATION = MainActor;
				SWIFT_EMIT_LOC_STRINGS = YES;
				SWIFT_UPCOMING_FEATURE_MEMBER_IMPORT_VISIBILITY = YES;
				SWIFT_VERSION = 5.0;
			};
			name = Release;
		};
		E1F2A3AC2EC99000003A77C7 /* Debug */ = {
			isa = XCBuildConfiguration;
			buildSettings = {
				BUNDLE_LOADER = "$(TEST_HOST)";
				CODE_SIGN_STYLE = Automatic;
				CURRENT_PROJECT_VERSION = 19;
				GENERATE_INFOPLIST_FILE = YES;
				LD_RUNPATH_SEARCH_PATHS = (
					"$(inherited)",
					"@executable_path/../Frameworks",
					"@loader_path/../Frameworks",
				);
				MACOSX_DEPLOYMENT_TARGET = 14.0;
				MARKETING_VERSION = 2.5.0;
				PRODUCT_BUNDLE_IDENTIFIER = io.github.sevmorris.WaxOnWaxOffTests;
				PRODUCT_NAME = "$(TARGET_NAME)";
				SWIFT_APPROACHABLE_CONCURRENCY = YES;
				SWIFT_DEFAULT_ACTOR_ISOLATION = MainActor;
				SWIFT_EMIT_LOC_STRINGS = NO;
				SWIFT_UPCOMING_FEATURE_MEMBER_IMPORT_VISIBILITY = YES;
				SWIFT_VERSION = 5.0;
				TEST_HOST = "$(BUILT_PRODUCTS_DIR)/WaxOnWaxOff.app/$(BUNDLE_EXECUTABLE_FOLDER_PATH)/WaxOnWaxOff";
			};
			name = Debug;
		};
		E1F2A3AB2EC99000003A77C7 /* Release */ = {
			isa = XCBuildConfiguration;
			buildSettings = {
				BUNDLE_LOADER = "$(TEST_HOST)";
				CODE_SIGN_STYLE = Automatic;
				CURRENT_PROJECT_VERSION = 19;
				GENERATE_INFOPLIST_FILE = YES;
				LD_RUNPATH_SEARCH_PATHS = (
					"$(inherited)",
					"@executable_path/../Frameworks",
					"@loader_path/../Frameworks",
				);
				MACOSX_DEPLOYMENT_TARGET = 14.0;
				MARKETING_VERSION = 2.5.0;
				PRODUCT_BUNDLE_IDENTIFIER = io.github.sevmorris.WaxOnWaxOffTests;
				PRODUCT_NAME = "$(TARGET_NAME)";
				SWIFT_APPROACHABLE_CONCURRENCY = YES;
				SWIFT_DEFAULT_ACTOR_ISOLATION = MainActor;
				SWIFT_EMIT_LOC_STRINGS = NO;
				SWIFT_UPCOMING_FEATURE_MEMBER_IMPORT_VISIBILITY = YES;
				SWIFT_VERSION = 5.0;
				TEST_HOST = "$(BUILT_PRODUCTS_DIR)/WaxOnWaxOff.app/$(BUNDLE_EXECUTABLE_FOLDER_PATH)/WaxOnWaxOff";
			};
			name = Release;
		};
/* End XCBuildConfiguration section */

/* Begin XCConfigurationList section */
		C6DEF1332EC98B05003A77C7 /* Build configuration list for PBXProject "WaxOnWaxOff" */ = {
			isa = XCConfigurationList;
			buildConfigurations = (
				C6DEF1412EC98B06003A77C7 /* Debug */,
				C6DEF1422EC98B06003A77C7 /* Release */,
			);
			defaultConfigurationIsVisible = 0;
			defaultConfigurationName = Release;
		};
		C6DEF1432EC98B06003A77C7 /* Build configuration list for PBXNativeTarget "WaxOnWaxOff" */ = {
			isa = XCConfigurationList;
			buildConfigurations = (
				C6DEF1442EC98B06003A77C7 /* Debug */,
				C6DEF1452EC98B06003A77C7 /* Release */,
			);
			defaultConfigurationIsVisible = 0;
			defaultConfigurationName = Release;
		};
		E1F2A3AA2EC99000003A77C7 /* Build configuration list for PBXNativeTarget "WaxOnWaxOffTests" */ = {
			isa = XCConfigurationList;
			buildConfigurations = (
				E1F2A3AC2EC99000003A77C7 /* Debug */,
				E1F2A3AB2EC99000003A77C7 /* Release */,
			);
			defaultConfigurationIsVisible = 0;
			defaultConfigurationName = Release;
		};
/* End XCConfigurationList section */
	};
	rootObject = C6DEF1302EC98B05003A77C7 /* Project object */;
}
